
Microsoft Visual Studio Solution File, Format Version 12.00
# Visual Studio Version 16
VisualStudioVersion = 16.0.32126.315
MinimumVisualStudioVersion = 10.0.40219.1
Project("{9A19103F-16F7-4668-BE54-9A1E7A4F7556}") = "ChessTaskThree", "ChessTaskThree\ChessTaskThree.csproj", "{E4AC22AB-E64F-4B08-B542-DB4FB228C676}"
	ProjectSection(ProjectDependencies) = postProject
		{DFD78706-0E76-410B-8EB7-EB3AF34F373D} = {DFD78706-0E76-410B-8EB7-EB3AF34F373D}
	EndProjectSection
EndProject
Project("{9A19103F-16F7-4668-BE54-9A1E7A4F7556}") = "FigureCore", "FigureCore\FigureCore.csproj", "{DFD78706-0E76-410B-8EB7-EB3AF34F373D}"
EndProject
Project("{FAE04EC0-301F-11D3-BF4B-00C04F79EFBC}") = "FigureWPF", "FigureWPF\FigureWPF.csproj", "{7A7D83A8-218B-4758-B91E-7CE1EE273833}"
EndProject
Global
	GlobalSection(SolutionConfigurationPlatforms) = preSolution
		Debug|Any CPU = Debug|Any CPU
		Release|Any CPU = Release|Any CPU
	EndGlobalSection
	GlobalSection(ProjectConfigurationPlatforms) = postSolution
		{E4AC22AB-E64F-4B08-B542-DB4FB228C676}.Debug|Any CPU.ActiveCfg = Debug|Any CPU
		{E4AC22AB-E64F-4B08-B542-DB4FB228C676}.Debug|Any CPU.Build.0 = Debug|Any CPU
		{E4AC22AB-E64F-4B08-B542-DB4FB228C676}.Release|Any CPU.ActiveCfg = Release|Any CPU
		{E4AC22AB-E64F-4B08-B542-DB4FB228C676}.Release|Any CPU.Build.0 = Release|Any CPU
		{DFD78706-0E76-410B-8EB7-EB3AF34F373D}.Debug|Any CPU.ActiveCfg = Debug|Any CPU
		{DFD78706-0E76-410B-8EB7-EB3AF34F373D}.Debug|Any CPU.Build.0 = Debug|Any CPU
		{DFD78706-0E76-410B-8EB7-EB3AF34F373D}.Release|Any CPU.ActiveCfg = Release|Any CPU
		{DFD78706-0E76-410B-8EB7-EB3AF34F373D}.Release|Any CPU.Build.0 = Release|Any CPU
		{7A7D83A8-218B-4758-B91E-7CE1EE273833}.Debug|Any CPU.ActiveCfg = Debug|Any CPU
		{7A7D83A8-218B-4758-B91E-7CE1EE273833}.Debug|Any CPU.Build.0 = Debug|Any CPU
		{7A7D83A8-218B-4758-B91E-7CE1EE273833}.Release|Any CPU.ActiveCfg = Release|Any CPU
		{7A7D83A8-218B-4758-B91E-7CE1EE273833}.Release|Any CPU.Build.0 = Release|Any CPU
	EndGlobalSection
	GlobalSection(SolutionProperties) = preSolution
		HideSolutionNode = FALSE
	EndGlobalSection
	GlobalSection(ExtensibilityGlobals) = postSolution
		SolutionGuid = {344B5A51-FCC6-4D6A-875D-960CC4113693}
	EndGlobalSection
EndGlobal
